// !$*UTF8*$!
{
	archiveVersion = 1;
	classes = {
	};
	objectVersion = 77;
	objects = {

/* Begin PBXContainerItemProxy section */
		14BC16482D5D3B0400FF45A4 /* PBXContainerItemProxy */ = {
			isa = PBXContainerItemProxy;
			containerPortal = 14BC162F2D5D3B0200FF45A4 /* Project object */;
			proxyType = 1;
			remoteGlobalIDString = 14BC16362D5D3B0200FF45A4;
			remoteInfo = CosmoNow;
		};
		14BC16522D5D3B0400FF45A4 /* PBXContainerItemProxy */ = {
			isa = PBXContainerItemProxy;
			containerPortal = 14BC162F2D5D3B0200FF45A4 /* Project object */;
			proxyType = 1;
			remoteGlobalIDString = 14BC16362D5D3B0200FF45A4;
			remoteInfo = CosmoNow;
		};
/* End PBXContainerItemProxy section */

/* Begin PBXFileReference section */
		14BC16372D5D3B0200FF45A4 /* CosmoNow.app */ = {isa = PBXFileReference; explicitFileType = wrapper.application; includeInIndex = 0; path = CosmoNow.app; sourceTree = BUILT_PRODUCTS_DIR; };
		14BC16472D5D3B0400FF45A4 /* CosmoNowTests.xctest */ = {isa = PBXFileReference; explicitFileType = wrapper.cfbundle; includeInIndex = 0; path = CosmoNowTests.xctest; sourceTree = BUILT_PRODUCTS_DIR; };
		14BC16512D5D3B0400FF45A4 /* CosmoNowUITests.xctest */ = {isa = PBXFileReference; explicitFileType = wrapper.cfbundle; includeInIndex = 0; path = CosmoNowUITests.xctest; sourceTree = BUILT_PRODUCTS_DIR; };
/* End PBXFileReference section */

/* Begin PBXFileSystemSynchronizedRootGroup section */
		14BC16392D5D3B0200FF45A4 /* CosmoNow */ = {
			isa = PBXFileSystemSynchronizedRootGroup;
			path = CosmoNow;
			sourceTree = "<group>";
		};
		14BC164A2D5D3B0400FF45A4 /* CosmoNowTests */ = {
			isa = PBXFileSystemSynchronizedRootGroup;
			path = CosmoNowTests;
			sourceTree = "<group>";
		};
		14BC16542D5D3B0400FF45A4 /* CosmoNowUITests */ = {
			isa = PBXFileSystemSynchronizedRootGroup;
			path = CosmoNowUITests;
			sourceTree = "<group>";
		};
/* End PBXFileSystemSynchronizedRootGroup section */

/* Begin PBXFrameworksBuildPhase section */
		14BC16342D5D3B0200FF45A4 /* Frameworks */ = {
			isa = PBXFrameworksBuildPhase;
			buildActionMask = 2147483647;
			files = (
			);
			runOnlyForDeploymentPostprocessing = 0;
		};
		14BC16442D5D3B0400FF45A4 /* Frameworks */ = {
			isa = PBXFrameworksBuildPhase;
			buildActionMask = 2147483647;
			files = (
			);
			runOnlyForDeploymentPostprocessing = 0;
		};
		14BC164E2D5D3B0400FF45A4 /* Frameworks */ = {
			isa = PBXFrameworksBuildPhase;
			buildActionMask = 2147483647;
			files = (
			);
			runOnlyForDeploymentPostprocessing = 0;
		};
/* End PBXFrameworksBuildPhase section */

/* Begin PBXGroup section */
		14BC162E2D5D3B0200FF45A4 = {
			isa = PBXGroup;
			children = (
				14BC16392D5D3B0200FF45A4 /* CosmoNow */,
				14BC164A2D5D3B0400FF45A4 /* CosmoNowTests */,
				14BC16542D5D3B0400FF45A4 /* CosmoNowUITests */,
				14BC16382D5D3B0200FF45A4 /* Products */,
			);
			sourceTree = "<group>";
		};
		14BC16382D5D3B0200FF45A4 /* Products */ = {
			isa = PBXGroup;
			children = (
				14BC16372D5D3B0200FF45A4 /* CosmoNow.app */,
				14BC16472D5D3B0400FF45A4 /* CosmoNowTests.xctest */,
				14BC16512D5D3B0400FF45A4 /* CosmoNowUITests.xctest */,
			);
			name = Products;
			sourceTree = "<group>";
		};
/* End PBXGroup section */

/* Begin PBXNativeTarget section */
		14BC16362D5D3B0200FF45A4 /* CosmoNow */ = {
			isa = PBXNativeTarget;
			buildConfigurationList = 14BC165B2D5D3B0400FF45A4 /* Build configuration list for PBXNativeTarget "CosmoNow" */;
			buildPhases = (
				14BC16332D5D3B0200FF45A4 /* Sources */,
				14BC16342D5D3B0200FF45A4 /* Frameworks */,
				14BC16352D5D3B0200FF45A4 /* Resources */,
			);
			buildRules = (
			);
			dependencies = (
			);
			fileSystemSynchronizedGroups = (
				14BC16392D5D3B0200FF45A4 /* CosmoNow */,
			);
			name = CosmoNow;
			packageProductDependencies = (
			);
			productName = CosmoNow;
			productReference = 14BC16372D5D3B0200FF45A4 /* CosmoNow.app */;
			productType = "com.apple.product-type.application";
		};
		14BC16462D5D3B0400FF45A4 /* CosmoNowTests */ = {
			isa = PBXNativeTarget;
			buildConfigurationList = 14BC165E2D5D3B0400FF45A4 /* Build configuration list for PBXNativeTarget "CosmoNowTests" */;
			buildPhases = (
				14BC16432D5D3B0400FF45A4 /* Sources */,
				14BC16442D5D3B0400FF45A4 /* Frameworks */,
				14BC16452D5D3B0400FF45A4 /* Resources */,
			);
			buildRules = (
			);
			dependencies = (
				14BC16492D5D3B0400FF45A4 /* PBXTargetDependency */,
			);
			fileSystemSynchronizedGroups = (
				14BC164A2D5D3B0400FF45A4 /* CosmoNowTests */,
			);
			name = CosmoNowTests;
			packageProductDependencies = (
			);
			productName = CosmoNowTests;
			productReference = 14BC16472D5D3B0400FF45A4 /* CosmoNowTests.xctest */;
			productType = "com.apple.product-type.bundle.unit-test";
		};
		14BC16502D5D3B0400FF45A4 /* CosmoNowUITests */ = {
			isa = PBXNativeTarget;
			buildConfigurationList = 14BC16612D5D3B0400FF45A4 /* Build configuration list for PBXNativeTarget "CosmoNowUITests" */;
			buildPhases = (
				14BC164D2D5D3B0400FF45A4 /* Sources */,
				14BC164E2D5D3B0400FF45A4 /* Frameworks */,
				14BC164F2D5D3B0400FF45A4 /* Resources */,
			);
			buildRules = (
			);
			dependencies = (
				14BC16532D5D3B0400FF45A4 /* PBXTargetDependency */,
			);
			fileSystemSynchronizedGroups = (
				14BC16542D5D3B0400FF45A4 /* CosmoNowUITests */,
			);
			name = CosmoNowUITests;
			packageProductDependencies = (
			);
			productName = CosmoNowUITests;
			productReference = 14BC16512D5D3B0400FF45A4 /* CosmoNowUITests.xctest */;
			productType = "com.apple.product-type.bundle.ui-testing";
		};
/* End PBXNativeTarget section */

/* Begin PBXProject section */
		14BC162F2D5D3B0200FF45A4 /* Project object */ = {
			isa = PBXProject;
			attributes = {
				BuildIndependentTargetsInParallel = 1;
				LastSwiftUpdateCheck = 1620;
				LastUpgradeCheck = 1620;
				TargetAttributes = {
					14BC16362D5D3B0200FF45A4 = {
						CreatedOnToolsVersion = 16.2;
					};
					14BC16462D5D3B0400FF45A4 = {
						CreatedOnToolsVersion = 16.2;
						TestTargetID = 14BC16362D5D3B0200FF45A4;
					};
					14BC16502D5D3B0400FF45A4 = {
						CreatedOnToolsVersion = 16.2;
						TestTargetID = 14BC16362D5D3B0200FF45A4;
					};
				};
			};
			buildConfigurationList = 14BC16322D5D3B0200FF45A4 /* Build configuration list for PBXProject "CosmoNow" */;
			developmentRegion = en;
			hasScannedForEncodings = 0;
			knownRegions = (
				en,
				Base,
			);
			mainGroup = 14BC162E2D5D3B0200FF45A4;
			minimizedProjectReferenceProxies = 1;
			preferredProjectObjectVersion = 77;
			productRefGroup = 14BC16382D5D3B0200FF45A4 /* Products */;
			projectDirPath = "";
			projectRoot = "";
			targets = (
				14BC16362D5D3B0200FF45A4 /* CosmoNow */,
				14BC16462D5D3B0400FF45A4 /* CosmoNowTests */,
				14BC16502D5D3B0400FF45A4 /* CosmoNowUITests */,
			);
		};
/* End PBXProject section */

/* Begin PBXResourcesBuildPhase section */
		14BC16352D5D3B0200FF45A4 /* Resources */ = {
			isa = PBXResourcesBuildPhase;
			buildActionMask = 2147483647;
			files = (
			);
			runOnlyForDeploymentPostprocessing = 0;
		};
		14BC16452D5D3B0400FF45A4 /* Resources */ = {
			isa = PBXResourcesBuildPhase;
			buildActionMask = 2147483647;
			files = (
			);
			runOnlyForDeploymentPostprocessing = 0;
		};
		14BC164F2D5D3B0400FF45A4 /* Resources */ = {
			isa = PBXResourcesBuildPhase;
			buildActionMask = 2147483647;
			files = (
			);
			runOnlyForDeploymentPostprocessing = 0;
		};
/* End PBXResourcesBuildPhase section */

/* Begin PBXSourcesBuildPhase section */
		14BC16332D5D3B0200FF45A4 /* Sources */ = {
			isa = PBXSourcesBuildPhase;
			buildActionMask = 2147483647;
			files = (
			);
			runOnlyForDeploymentPostprocessing = 0;
		};
		14BC16432D5D3B0400FF45A4 /* Sources */ = {
			isa = PBXSourcesBuildPhase;
			buildActionMask = 2147483647;
			files = (
			);
			runOnlyForDeploymentPostprocessing = 0;
		};
		14BC164D2D5D3B0400FF45A4 /* Sources */ = {
			isa = PBXSourcesBuildPhase;
			buildActionMask = 2147483647;
			files = (
			);
			runOnlyForDeploymentPostprocessing = 0;
		};
/* End PBXSourcesBuildPhase section */

/* Begin PBXTargetDependency section */
		14BC16492D5D3B0400FF45A4 /* PBXTargetDependency */ = {
			isa = PBXTargetDependency;
			target = 14BC16362D5D3B0200FF45A4 /* CosmoNow */;
			targetProxy = 14BC16482D5D3B0400FF45A4 /* PBXContainerItemProxy */;
		};
		14BC16532D5D3B0400FF45A4 /* PBXTargetDependency */ = {
			isa = PBXTargetDependency;
			target = 14BC16362D5D3B0200FF45A4 /* CosmoNow */;
			targetProxy = 14BC16522D5D3B0400FF45A4 /* PBXContainerItemProxy */;
		};
/* End PBXTargetDependency section */

/* Begin XCBuildConfiguration section */
		14BC16592D5D3B0400FF45A4 /* Debug */ = {
			isa = XCBuildConfiguration;
			buildSettings = {
				ALWAYS_SEARCH_USER_PATHS = NO;
				ASSETCATALOG_COMPILER_GENERATE_SWIFT_ASSET_SYMBOL_EXTENSIONS = YES;
				CLANG_ANALYZER_NONNULL = YES;
				CLANG_ANALYZER_NUMBER_OBJECT_CONVERSION = YES_AGGRESSIVE;
				CLANG_CXX_LANGUAGE_STANDARD = "gnu++20";
				CLANG_ENABLE_MODULES = YES;
				CLANG_ENABLE_OBJC_ARC = YES;
				CLANG_ENABLE_OBJC_WEAK = YES;
				CLANG_WARN_BLOCK_CAPTURE_AUTORELEASING = YES;
				CLANG_WARN_BOOL_CONVERSION = YES;
				CLANG_WARN_COMMA = YES;
				CLANG_WARN_CONSTANT_CONVERSION = YES;
				CLANG_WARN_DEPRECATED_OBJC_IMPLEMENTATIONS = YES;
				CLANG_WARN_DIRECT_OBJC_ISA_USAGE = YES_ERROR;
				CLANG_WARN_DOCUMENTATION_COMMENTS = YES;
				CLANG_WARN_EMPTY_BODY = YES;
				CLANG_WARN_ENUM_CONVERSION = YES;
				CLANG_WARN_INFINITE_RECURSION = YES;
				CLANG_WARN_INT_CONVERSION = YES;
				CLANG_WARN_NON_LITERAL_NULL_CONVERSION = YES;
				CLANG_WARN_OBJC_IMPLICIT_RETAIN_SELF = YES;
				CLANG_WARN_OBJC_LITERAL_CONVERSION = YES;
				CLANG_WARN_OBJC_ROOT_CLASS = YES_ERROR;
				CLANG_WARN_QUOTED_INCLUDE_IN_FRAMEWORK_HEADER = YES;
				CLANG_WARN_RANGE_LOOP_ANALYSIS = YES;
				CLANG_WARN_STRICT_PROTOTYPES = YES;
				CLANG_WARN_SUSPICIOUS_MOVE = YES;
				CLANG_WARN_UNGUARDED_AVAILABILITY = YES_AGGRESSIVE;
				CLANG_WARN_UNREACHABLE_CODE = YES;
				CLANG_WARN__DUPLICATE_METHOD_MATCH = YES;
				COPY_PHASE_STRIP = NO;
				DEBUG_INFORMATION_FORMAT = dwarf;
				ENABLE_STRICT_OBJC_MSGSEND = YES;
				ENABLE_TESTABILITY = YES;
				ENABLE_USER_SCRIPT_SANDBOXING = YES;
				GCC_C_LANGUAGE_STANDARD = gnu17;
				GCC_DYNAMIC_NO_PIC = NO;
				GCC_NO_COMMON_BLOCKS = YES;
				GCC_OPTIMIZATION_LEVEL = 0;
				GCC_PREPROCESSOR_DEFINITIONS = (
					"DEBUG=1",
					"$(inherited)",
				);
				GCC_WARN_64_TO_32_BIT_CONVERSION = YES;
				GCC_WARN_ABOUT_RETURN_TYPE = YES_ERROR;
				GCC_WARN_UNDECLARED_SELECTOR = YES;
				GCC_WARN_UNINITIALIZED_AUTOS = YES_AGGRESSIVE;
				GCC_WARN_UNUSED_FUNCTION = YES;
				GCC_WARN_UNUSED_VARIABLE = YES;
				IPHONEOS_DEPLOYMENT_TARGET = 18.2;
				LOCALIZATION_PREFERS_STRING_CATALOGS = YES;
				MTL_ENABLE_DEBUG_INFO = INCLUDE_SOURCE;
				MTL_FAST_MATH = YES;
				ONLY_ACTIVE_ARCH = YES;
				SDKROOT = iphoneos;
				SWIFT_ACTIVE_COMPILATION_CONDITIONS = "DEBUG $(inherited)";
				SWIFT_OPTIMIZATION_LEVEL = "-Onone";
			};
			name = Debug;
		};
		14BC165A2D5D3B0400FF45A4 /* Release */ = {
			isa = XCBuildConfiguration;
			buildSettings = {
				ALWAYS_SEARCH_USER_PATHS = NO;
				ASSETCATALOG_COMPILER_GENERATE_SWIFT_ASSET_SYMBOL_EXTENSIONS = YES;
				CLANG_ANALYZER_NONNULL = YES;
				CLANG_ANALYZER_NUMBER_OBJECT_CONVERSION = YES_AGGRESSIVE;
				CLANG_CXX_LANGUAGE_STANDARD = "gnu++20";
				CLANG_ENABLE_MODULES = YES;
				CLANG_ENABLE_OBJC_ARC = YES;
				CLANG_ENABLE_OBJC_WEAK = YES;
				CLANG_WARN_BLOCK_CAPTURE_AUTORELEASING = YES;
				CLANG_WARN_BOOL_CONVERSION = YES;
				CLANG_WARN_COMMA = YES;
				CLANG_WARN_CONSTANT_CONVERSION = YES;
				CLANG_WARN_DEPRECATED_OBJC_IMPLEMENTATIONS = YES;
				CLANG_WARN_DIRECT_OBJC_ISA_USAGE = YES_ERROR;
				CLANG_WARN_DOCUMENTATION_COMMENTS = YES;
				CLANG_WARN_EMPTY_BODY = YES;
				CLANG_WARN_ENUM_CONVERSION = YES;
				CLANG_WARN_INFINITE_RECURSION = YES;
				CLANG_WARN_INT_CONVERSION = YES;
				CLANG_WARN_NON_LITERAL_NULL_CONVERSION = YES;
				CLANG_WARN_OBJC_IMPLICIT_RETAIN_SELF = YES;
				CLANG_WARN_OBJC_LITERAL_CONVERSION = YES;
				CLANG_WARN_OBJC_ROOT_CLASS = YES_ERROR;
				CLANG_WARN_QUOTED_INCLUDE_IN_FRAMEWORK_HEADER = YES;
				CLANG_WARN_RANGE_LOOP_ANALYSIS = YES;
				CLANG_WARN_STRICT_PROTOTYPES = YES;
				CLANG_WARN_SUSPICIOUS_MOVE = YES;
				CLANG_WARN_UNGUARDED_AVAILABILITY = YES_AGGRESSIVE;
				CLANG_WARN_UNREACHABLE_CODE = YES;
				CLANG_WARN__DUPLICATE_METHOD_MATCH = YES;
				COPY_PHASE_STRIP = NO;
				DEBUG_INFORMATION_FORMAT = "dwarf-with-dsym";
				ENABLE_NS_ASSERTIONS = NO;
				ENABLE_STRICT_OBJC_MSGSEND = YES;
				ENABLE_USER_SCRIPT_SANDBOXING = YES;
				GCC_C_LANGUAGE_STANDARD = gnu17;
				GCC_NO_COMMON_BLOCKS = YES;
				GCC_WARN_64_TO_32_BIT_CONVERSION = YES;
				GCC_WARN_ABOUT_RETURN_TYPE = YES_ERROR;
				GCC_WARN_UNDECLARED_SELECTOR = YES;
				GCC_WARN_UNINITIALIZED_AUTOS = YES_AGGRESSIVE;
				GCC_WARN_UNUSED_FUNCTION = YES;
				GCC_WARN_UNUSED_VARIABLE = YES;
				IPHONEOS_DEPLOYMENT_TARGET = 18.2;
				LOCALIZATION_PREFERS_STRING_CATALOGS = YES;
				MTL_ENABLE_DEBUG_INFO = NO;
				MTL_FAST_MATH = YES;
				SDKROOT = iphoneos;
				SWIFT_COMPILATION_MODE = wholemodule;
				VALIDATE_PRODUCT = YES;
			};
			name = Release;
		};
		14BC165C2D5D3B0400FF45A4 /* Debug */ = {
			isa = XCBuildConfiguration;
			buildSettings = {
				ASSETCATALOG_COMPILER_APPICON_NAME = AppIcon;
				ASSETCATALOG_COMPILER_GLOBAL_ACCENT_COLOR_NAME = AccentColor;
				CODE_SIGN_STYLE = Automatic;
				CURRENT_PROJECT_VERSION = 1;
				DEVELOPMENT_ASSET_PATHS = "\"CosmoNow/Preview Content\"";
				DEVELOPMENT_TEAM = WDD8N4CRD3;
				ENABLE_PREVIEWS = YES;
				GENERATE_INFOPLIST_FILE = YES;
				INFOPLIST_KEY_UIApplicationSceneManifest_Generation = YES;
				INFOPLIST_KEY_UIApplicationSupportsIndirectInputEvents = YES;
				INFOPLIST_KEY_UILaunchScreen_Generation = YES;
				INFOPLIST_KEY_UISupportedInterfaceOrientations_iPad = "UIInterfaceOrientationPortrait UIInterfaceOrientationPortraitUpsideDown UIInterfaceOrientationLandscapeLeft UIInterfaceOrientationLandscapeRight";
				INFOPLIST_KEY_UISupportedInterfaceOrientations_iPhone = "UIInterfaceOrientationPortrait UIInterfaceOrientationLandscapeLeft UIInterfaceOrientationLandscapeRight";
				LD_RUNPATH_SEARCH_PATHS = (
					"$(inherited)",
					"@executable_path/Frameworks",
				);
				MARKETING_VERSION = 1.0;
				PRODUCT_BUNDLE_IDENTIFIER = com.ianfagundes.CosmoNow;
				PRODUCT_NAME = "$(TARGET_NAME)";
				SWIFT_EMIT_LOC_STRINGS = YES;
				SWIFT_VERSION = 5.0;
				TARGETED_DEVICE_FAMILY = "1,2";
			};
			name = Debug;
		};
		14BC165D2D5D3B0400FF45A4 /* Release */ = {
			isa = XCBuildConfiguration;
			buildSettings = {
				ASSETCATALOG_COMPILER_APPICON_NAME = AppIcon;
				ASSETCATALOG_COMPILER_GLOBAL_ACCENT_COLOR_NAME = AccentColor;
				CODE_SIGN_STYLE = Automatic;
				CURRENT_PROJECT_VERSION = 1;
				DEVELOPMENT_ASSET_PATHS = "\"CosmoNow/Preview Content\"";
				DEVELOPMENT_TEAM = WDD8N4CRD3;
				ENABLE_PREVIEWS = YES;
				GENERATE_INFOPLIST_FILE = YES;
				INFOPLIST_KEY_UIApplicationSceneManifest_Generation = YES;
				INFOPLIST_KEY_UIApplicationSupportsIndirectInputEvents = YES;
				INFOPLIST_KEY_UILaunchScreen_Generation = YES;
				INFOPLIST_KEY_UISupportedInterfaceOrientations_iPad = "UIInterfaceOrientationPortrait UIInterfaceOrientationPortraitUpsideDown UIInterfaceOrientationLandscapeLeft UIInterfaceOrientationLandscapeRight";
				INFOPLIST_KEY_UISupportedInterfaceOrientations_iPhone = "UIInterfaceOrientationPortrait UIInterfaceOrientationLandscapeLeft UIInterfaceOrientationLandscapeRight";
				LD_RUNPATH_SEARCH_PATHS = (
					"$(inherited)",
					"@executable_path/Frameworks",
				);
				MARKETING_VERSION = 1.0;
				PRODUCT_BUNDLE_IDENTIFIER = com.ianfagundes.CosmoNow;
				PRODUCT_NAME = "$(TARGET_NAME)";
				SWIFT_EMIT_LOC_STRINGS = YES;
				SWIFT_VERSION = 5.0;
				TARGETED_DEVICE_FAMILY = "1,2";
			};
			name = Release;
		};
		14BC165F2D5D3B0400FF45A4 /* Debug */ = {
			isa = XCBuildConfiguration;
			buildSettings = {
				BUNDLE_LOADER = "$(TEST_HOST)";
				CODE_SIGN_STYLE = Automatic;
				CURRENT_PROJECT_VERSION = 1;
				DEVELOPMENT_TEAM = WDD8N4CRD3;
				GENERATE_INFOPLIST_FILE = YES;
				IPHONEOS_DEPLOYMENT_TARGET = 18.2;
				MARKETING_VERSION = 1.0;
				PRODUCT_BUNDLE_IDENTIFIER = com.ianfagundes.CosmoNowTests;
				PRODUCT_NAME = "$(TARGET_NAME)";
				SWIFT_EMIT_LOC_STRINGS = NO;
				SWIFT_VERSION = 5.0;
				TARGETED_DEVICE_FAMILY = "1,2";
				TEST_HOST = "$(BUILT_PRODUCTS_DIR)/CosmoNow.app/$(BUNDLE_EXECUTABLE_FOLDER_PATH)/CosmoNow";
			};
			name = Debug;
		};
		14BC16602D5D3B0400FF45A4 /* Release */ = {
			isa = XCBuildConfiguration;
			buildSettings = {
				BUNDLE_LOADER = "$(TEST_HOST)";
				CODE_SIGN_STYLE = Automatic;
				CURRENT_PROJECT_VERSION = 1;
				DEVELOPMENT_TEAM = WDD8N4CRD3;
				GENERATE_INFOPLIST_FILE = YES;
				IPHONEOS_DEPLOYMENT_TARGET = 18.2;
				MARKETING_VERSION = 1.0;
				PRODUCT_BUNDLE_IDENTIFIER = com.ianfagundes.CosmoNowTests;
				PRODUCT_NAME = "$(TARGET_NAME)";
				SWIFT_EMIT_LOC_STRINGS = NO;
				SWIFT_VERSION = 5.0;
				TARGETED_DEVICE_FAMILY = "1,2";
				TEST_HOST = "$(BUILT_PRODUCTS_DIR)/CosmoNow.app/$(BUNDLE_EXECUTABLE_FOLDER_PATH)/CosmoNow";
			};
			name = Release;
		};
		14BC16622D5D3B0400FF45A4 /* Debug */ = {
			isa = XCBuildConfiguration;
			buildSettings = {
				CODE_SIGN_STYLE = Automatic;
				CURRENT_PROJECT_VERSION = 1;
				DEVELOPMENT_TEAM = WDD8N4CRD3;
				GENERATE_INFOPLIST_FILE = YES;
				MARKETING_VERSION = 1.0;
				PRODUCT_BUNDLE_IDENTIFIER = com.ianfagundes.CosmoNowUITests;
				PRODUCT_NAME = "$(TARGET_NAME)";
				SWIFT_EMIT_LOC_STRINGS = NO;
				SWIFT_VERSION = 5.0;
				TARGETED_DEVICE_FAMILY = "1,2";
				TEST_TARGET_NAME = CosmoNow;
			};
			name = Debug;
		};
		14BC16632D5D3B0400FF45A4 /* Release */ = {
			isa = XCBuildConfiguration;
			buildSettings = {
				CODE_SIGN_STYLE = Automatic;
				CURRENT_PROJECT_VERSION = 1;
				DEVELOPMENT_TEAM = WDD8N4CRD3;
				GENERATE_INFOPLIST_FILE = YES;
				MARKETING_VERSION = 1.0;
				PRODUCT_BUNDLE_IDENTIFIER = com.ianfagundes.CosmoNowUITests;
				PRODUCT_NAME = "$(TARGET_NAME)";
				SWIFT_EMIT_LOC_STRINGS = NO;
				SWIFT_VERSION = 5.0;
				TARGETED_DEVICE_FAMILY = "1,2";
				TEST_TARGET_NAME = CosmoNow;
			};
			name = Release;
		};
/* End XCBuildConfiguration section */

/* Begin XCConfigurationList section */
		14BC16322D5D3B0200FF45A4 /* Build configuration list for PBXProject "CosmoNow" */ = {
			isa = XCConfigurationList;
			buildConfigurations = (
				14BC16592D5D3B0400FF45A4 /* Debug */,
				14BC165A2D5D3B0400FF45A4 /* Release */,
			);
			defaultConfigurationIsVisible = 0;
			defaultConfigurationName = Release;
		};
		14BC165B2D5D3B0400FF45A4 /* Build configuration list for PBXNativeTarget "CosmoNow" */ = {
			isa = XCConfigurationList;
			buildConfigurations = (
				14BC165C2D5D3B0400FF45A4 /* Debug */,
				14BC165D2D5D3B0400FF45A4 /* Release */,
			);
			defaultConfigurationIsVisible = 0;
			defaultConfigurationName = Release;
		};
		14BC165E2D5D3B0400FF45A4 /* Build configuration list for PBXNativeTarget "CosmoNowTests" */ = {
			isa = XCConfigurationList;
			buildConfigurations = (
				14BC165F2D5D3B0400FF45A4 /* Debug */,
				14BC16602D5D3B0400FF45A4 /* Release */,
			);
			defaultConfigurationIsVisible = 0;
			defaultConfigurationName = Release;
		};
		14BC16612D5D3B0400FF45A4 /* Build configuration list for PBXNativeTarget "CosmoNowUITests" */ = {
			isa = XCConfigurationList;
			buildConfigurations = (
				14BC16622D5D3B0400FF45A4 /* Debug */,
				14BC16632D5D3B0400FF45A4 /* Release */,
			);
			defaultConfigurationIsVisible = 0;
			defaultConfigurationName = Release;
		};
/* End XCConfigurationList section */
	};
	rootObject = 14BC162F2D5D3B0200FF45A4 /* Project object */;
}
