// !$*UTF8*$!
{
	archiveVersion = 1;
	classes = {
	};
	objectVersion = 77;
	objects = {

/* Begin PBXBuildFile section */
		1452F1202D5DB4DE002E97FD /* URL+Extensions.swift in Sources */ = {isa = PBXBuildFile; fileRef = 1452F11F2D5DB4CF002E97FD /* URL+Extensions.swift */; };
		1452F1232D5E351F002E97FD /* MediaManager.swift in Sources */ = {isa = PBXBuildFile; fileRef = 1452F1222D5E3518002E97FD /* MediaManager.swift */; };
		1452F1252D5E3770002E97FD /* CosmoUseCaseModel.swift in Sources */ = {isa = PBXBuildFile; fileRef = 1452F1242D5E3767002E97FD /* CosmoUseCaseModel.swift */; };
		1452F1272D5E3FF6002E97FD /* MediaView.swift in Sources */ = {isa = PBXBuildFile; fileRef = 1452F1262D5E3FF2002E97FD /* MediaView.swift */; };
		1452F12D2D5E6294002E97FD /* YouTubeWebView.swift in Sources */ = {isa = PBXBuildFile; fileRef = 1452F12C2D5E6289002E97FD /* YouTubeWebView.swift */; };
		14BC16932D5D5CF800FF45A4 /* CosmoService.swift in Sources */ = {isa = PBXBuildFile; fileRef = 14BC166E2D5D3DD600FF45A4 /* CosmoService.swift */; };
		14BC16942D5D5D0100FF45A4 /* LocalStorage.swift in Sources */ = {isa = PBXBuildFile; fileRef = 14BC16702D5D3E1300FF45A4 /* LocalStorage.swift */; };
		14BC16972D5D5D1900FF45A4 /* GetCosmoUseCase.swift in Sources */ = {isa = PBXBuildFile; fileRef = 14BC166C2D5D3DA800FF45A4 /* GetCosmoUseCase.swift */; };
		14BC16982D5D5D1F00FF45A4 /* CosmoRespositoryProtocol.swift in Sources */ = {isa = PBXBuildFile; fileRef = 14BC166B2D5D3CD600FF45A4 /* CosmoRespositoryProtocol.swift */; };
		14BC16992D5D5D2600FF45A4 /* CosmoModel.swift in Sources */ = {isa = PBXBuildFile; fileRef = 14BC166A2D5D3CA000FF45A4 /* CosmoModel.swift */; };
		14BC169A2D5D5D2C00FF45A4 /* CosmoView.swift in Sources */ = {isa = PBXBuildFile; fileRef = 14BC16722D5D3E4500FF45A4 /* CosmoView.swift */; };
		14BC169B2D5D5D3200FF45A4 /* CosmoViewModel.swift in Sources */ = {isa = PBXBuildFile; fileRef = 14BC16712D5D3E3800FF45A4 /* CosmoViewModel.swift */; };
		14BC169D2D5D637B00FF45A4 /* CosmoServiceProtocol.swift in Sources */ = {isa = PBXBuildFile; fileRef = 14BC169C2D5D637200FF45A4 /* CosmoServiceProtocol.swift */; };
		14BC16A22D5D902200FF45A4 /* GetCosmoUseCaseProtocol.swift in Sources */ = {isa = PBXBuildFile; fileRef = 14BC16A12D5D901800FF45A4 /* GetCosmoUseCaseProtocol.swift */; };
		14BC16D82D5DACCD00FF45A4 /* DateUtils.swift in Sources */ = {isa = PBXBuildFile; fileRef = 14BC16D72D5DAC5B00FF45A4 /* DateUtils.swift */; };
/* End PBXBuildFile section */

/* Begin PBXContainerItemProxy section */
		14BC16482D5D3B0400FF45A4 /* PBXContainerItemProxy */ = {
			isa = PBXContainerItemProxy;
			containerPortal = 14BC162F2D5D3B0200FF45A4 /* Project object */;
			proxyType = 1;
			remoteGlobalIDString = 14BC16362D5D3B0200FF45A4;
			remoteInfo = CosmoNow;
		};
		14BC16522D5D3B0400FF45A4 /* PBXContainerItemProxy */ = {
			isa = PBXContainerItemProxy;
			containerPortal = 14BC162F2D5D3B0200FF45A4 /* Project object */;
			proxyType = 1;
			remoteGlobalIDString = 14BC16362D5D3B0200FF45A4;
			remoteInfo = CosmoNow;
		};
/* End PBXContainerItemProxy section */

/* Begin PBXFileReference section */
		1452F11F2D5DB4CF002E97FD /* URL+Extensions.swift */ = {isa = PBXFileReference; lastKnownFileType = sourcecode.swift; path = "URL+Extensions.swift"; sourceTree = "<group>"; };
		1452F1222D5E3518002E97FD /* MediaManager.swift */ = {isa = PBXFileReference; lastKnownFileType = sourcecode.swift; path = MediaManager.swift; sourceTree = "<group>"; };
		1452F1242D5E3767002E97FD /* CosmoUseCaseModel.swift */ = {isa = PBXFileReference; lastKnownFileType = sourcecode.swift; path = CosmoUseCaseModel.swift; sourceTree = "<group>"; };
		1452F1262D5E3FF2002E97FD /* MediaView.swift */ = {isa = PBXFileReference; lastKnownFileType = sourcecode.swift; path = MediaView.swift; sourceTree = "<group>"; };
		1452F12C2D5E6289002E97FD /* YouTubeWebView.swift */ = {isa = PBXFileReference; lastKnownFileType = sourcecode.swift; path = YouTubeWebView.swift; sourceTree = "<group>"; };
		14BC16372D5D3B0200FF45A4 /* CosmoNow.app */ = {isa = PBXFileReference; explicitFileType = wrapper.application; includeInIndex = 0; path = CosmoNow.app; sourceTree = BUILT_PRODUCTS_DIR; };
		14BC16472D5D3B0400FF45A4 /* CosmoNowTests.xctest */ = {isa = PBXFileReference; explicitFileType = wrapper.cfbundle; includeInIndex = 0; path = CosmoNowTests.xctest; sourceTree = BUILT_PRODUCTS_DIR; };
		14BC16512D5D3B0400FF45A4 /* CosmoNowUITests.xctest */ = {isa = PBXFileReference; explicitFileType = wrapper.cfbundle; includeInIndex = 0; path = CosmoNowUITests.xctest; sourceTree = BUILT_PRODUCTS_DIR; };
		14BC166A2D5D3CA000FF45A4 /* CosmoModel.swift */ = {isa = PBXFileReference; lastKnownFileType = sourcecode.swift; path = CosmoModel.swift; sourceTree = "<group>"; };
		14BC166B2D5D3CD600FF45A4 /* CosmoRespositoryProtocol.swift */ = {isa = PBXFileReference; lastKnownFileType = sourcecode.swift; path = CosmoRespositoryProtocol.swift; sourceTree = "<group>"; };
		14BC166C2D5D3DA800FF45A4 /* GetCosmoUseCase.swift */ = {isa = PBXFileReference; lastKnownFileType = sourcecode.swift; path = GetCosmoUseCase.swift; sourceTree = "<group>"; };
		14BC166E2D5D3DD600FF45A4 /* CosmoService.swift */ = {isa = PBXFileReference; lastKnownFileType = sourcecode.swift; path = CosmoService.swift; sourceTree = "<group>"; };
		14BC16702D5D3E1300FF45A4 /* LocalStorage.swift */ = {isa = PBXFileReference; lastKnownFileType = sourcecode.swift; path = LocalStorage.swift; sourceTree = "<group>"; };
		14BC16712D5D3E3800FF45A4 /* CosmoViewModel.swift */ = {isa = PBXFileReference; lastKnownFileType = sourcecode.swift; path = CosmoViewModel.swift; sourceTree = "<group>"; };
		14BC16722D5D3E4500FF45A4 /* CosmoView.swift */ = {isa = PBXFileReference; lastKnownFileType = sourcecode.swift; path = CosmoView.swift; sourceTree = "<group>"; };
		14BC169C2D5D637200FF45A4 /* CosmoServiceProtocol.swift */ = {isa = PBXFileReference; lastKnownFileType = sourcecode.swift; path = CosmoServiceProtocol.swift; sourceTree = "<group>"; };
		14BC16A12D5D901800FF45A4 /* GetCosmoUseCaseProtocol.swift */ = {isa = PBXFileReference; lastKnownFileType = sourcecode.swift; path = GetCosmoUseCaseProtocol.swift; sourceTree = "<group>"; };
		14BC16D72D5DAC5B00FF45A4 /* DateUtils.swift */ = {isa = PBXFileReference; lastKnownFileType = sourcecode.swift; path = DateUtils.swift; sourceTree = "<group>"; };
/* End PBXFileReference section */

/* Begin PBXFileSystemSynchronizedBuildFileExceptionSet section */
		14BC16CE2D5DA49200FF45A4 /* Exceptions for "CosmoNowTests" folder in "CosmoNowTests" target */ = {
			isa = PBXFileSystemSynchronizedBuildFileExceptionSet;
			membershipExceptions = (
				CosmoNowUITests/CosmoNowUITests.swift,
				CosmoNowUITests/CosmoNowUITestsLaunchTests.swift,
			);
			target = 14BC16462D5D3B0400FF45A4 /* CosmoNowTests */;
		};
		14BC16CF2D5DA49200FF45A4 /* Exceptions for "CosmoNowTests" folder in "CosmoNowUITests" target */ = {
			isa = PBXFileSystemSynchronizedBuildFileExceptionSet;
			membershipExceptions = (
				CosmoNowUITests/CosmoNowUITests.swift,
				CosmoNowUITests/CosmoNowUITestsLaunchTests.swift,
			);
			target = 14BC16502D5D3B0400FF45A4 /* CosmoNowUITests */;
		};
/* End PBXFileSystemSynchronizedBuildFileExceptionSet section */

/* Begin PBXFileSystemSynchronizedRootGroup section */
		1452F11C2D5DB425002E97FD /* Repositories */ = {
			isa = PBXFileSystemSynchronizedRootGroup;
			path = Repositories;
			sourceTree = "<group>";
		};
		14BC16392D5D3B0200FF45A4 /* CosmoNow */ = {
			isa = PBXFileSystemSynchronizedRootGroup;
			path = CosmoNow;
			sourceTree = "<group>";
		};
		14BC164A2D5D3B0400FF45A4 /* CosmoNowTests */ = {
			isa = PBXFileSystemSynchronizedRootGroup;
			exceptions = (
				14BC16CE2D5DA49200FF45A4 /* Exceptions for "CosmoNowTests" folder in "CosmoNowTests" target */,
				14BC16CF2D5DA49200FF45A4 /* Exceptions for "CosmoNowTests" folder in "CosmoNowUITests" target */,
			);
			path = CosmoNowTests;
			sourceTree = "<group>";
		};
		14BC16D12D5DA4B800FF45A4 /* Network */ = {
			isa = PBXFileSystemSynchronizedRootGroup;
			path = Network;
			sourceTree = "<group>";
		};
/* End PBXFileSystemSynchronizedRootGroup section */

/* Begin PBXFrameworksBuildPhase section */
		14BC16342D5D3B0200FF45A4 /* Frameworks */ = {
			isa = PBXFrameworksBuildPhase;
			buildActionMask = 2147483647;
			files = (
			);
			runOnlyForDeploymentPostprocessing = 0;
		};
		14BC16442D5D3B0400FF45A4 /* Frameworks */ = {
			isa = PBXFrameworksBuildPhase;
			buildActionMask = 2147483647;
			files = (
			);
			runOnlyForDeploymentPostprocessing = 0;
		};
		14BC164E2D5D3B0400FF45A4 /* Frameworks */ = {
			isa = PBXFrameworksBuildPhase;
			buildActionMask = 2147483647;
			files = (
			);
			runOnlyForDeploymentPostprocessing = 0;
		};
/* End PBXFrameworksBuildPhase section */

/* Begin PBXGroup section */
		1452F1172D5DB346002E97FD /* Protocols */ = {
			isa = PBXGroup;
			children = (
				14BC166B2D5D3CD600FF45A4 /* CosmoRespositoryProtocol.swift */,
				14BC169C2D5D637200FF45A4 /* CosmoServiceProtocol.swift */,
			);
			path = Protocols;
			sourceTree = "<group>";
		};
		1452F1182D5DB35B002E97FD /* Models */ = {
			isa = PBXGroup;
			children = (
				14BC166A2D5D3CA000FF45A4 /* CosmoModel.swift */,
			);
			path = Models;
			sourceTree = "<group>";
		};
		1452F1192D5DB366002E97FD /* UseCases */ = {
			isa = PBXGroup;
			children = (
				1452F1242D5E3767002E97FD /* CosmoUseCaseModel.swift */,
				1452F11D2D5DB485002E97FD /* Protocols */,
				14BC166C2D5D3DA800FF45A4 /* GetCosmoUseCase.swift */,
			);
			path = UseCases;
			sourceTree = "<group>";
		};
		1452F11B2D5DB41C002E97FD /* Services */ = {
			isa = PBXGroup;
			children = (
				14BC166E2D5D3DD600FF45A4 /* CosmoService.swift */,
			);
			path = Services;
			sourceTree = "<group>";
		};
		1452F11D2D5DB485002E97FD /* Protocols */ = {
			isa = PBXGroup;
			children = (
				14BC16A12D5D901800FF45A4 /* GetCosmoUseCaseProtocol.swift */,
			);
			path = Protocols;
			sourceTree = "<group>";
		};
		1452F11E2D5DB4C5002E97FD /* Extensions */ = {
			isa = PBXGroup;
			children = (
				1452F11F2D5DB4CF002E97FD /* URL+Extensions.swift */,
			);
			path = Extensions;
			sourceTree = "<group>";
		};
		1452F1212D5E3507002E97FD /* Media */ = {
			isa = PBXGroup;
			children = (
				1452F1222D5E3518002E97FD /* MediaManager.swift */,
			);
			path = Media;
			sourceTree = "<group>";
		};
		1452F1292D5E626A002E97FD /* Components */ = {
			isa = PBXGroup;
			children = (
				1452F12C2D5E6289002E97FD /* YouTubeWebView.swift */,
				1452F1262D5E3FF2002E97FD /* MediaView.swift */,
			);
			path = Components;
			sourceTree = "<group>";
		};
		14BC162E2D5D3B0200FF45A4 = {
			isa = PBXGroup;
			children = (
				14BC16682D5D3B5800FF45A4 /* Resources */,
				14BC16672D5D3B4E00FF45A4 /* Infra */,
				14BC16662D5D3B4600FF45A4 /* Data */,
				14BC16652D5D3B3800FF45A4 /* Domain */,
				14BC16642D5D3B2700FF45A4 /* Presentation */,
				14BC16392D5D3B0200FF45A4 /* CosmoNow */,
				14BC164A2D5D3B0400FF45A4 /* CosmoNowTests */,
				14BC16382D5D3B0200FF45A4 /* Products */,
			);
			sourceTree = "<group>";
		};
		14BC16382D5D3B0200FF45A4 /* Products */ = {
			isa = PBXGroup;
			children = (
				14BC16372D5D3B0200FF45A4 /* CosmoNow.app */,
				14BC16472D5D3B0400FF45A4 /* CosmoNowTests.xctest */,
				14BC16512D5D3B0400FF45A4 /* CosmoNowUITests.xctest */,
			);
			name = Products;
			sourceTree = "<group>";
		};
		14BC16642D5D3B2700FF45A4 /* Presentation */ = {
			isa = PBXGroup;
			children = (
				1452F1292D5E626A002E97FD /* Components */,
				14BC16722D5D3E4500FF45A4 /* CosmoView.swift */,
				14BC16712D5D3E3800FF45A4 /* CosmoViewModel.swift */,
			);
			path = Presentation;
			sourceTree = "<group>";
		};
		14BC16652D5D3B3800FF45A4 /* Domain */ = {
			isa = PBXGroup;
			children = (
				1452F1192D5DB366002E97FD /* UseCases */,
				1452F1182D5DB35B002E97FD /* Models */,
			);
			path = Domain;
			sourceTree = "<group>";
		};
		14BC16662D5D3B4600FF45A4 /* Data */ = {
			isa = PBXGroup;
			children = (
				1452F1172D5DB346002E97FD /* Protocols */,
				1452F11B2D5DB41C002E97FD /* Services */,
				1452F11C2D5DB425002E97FD /* Repositories */,
			);
			path = Data;
			sourceTree = "<group>";
		};
		14BC16672D5D3B4E00FF45A4 /* Infra */ = {
			isa = PBXGroup;
			children = (
				1452F1212D5E3507002E97FD /* Media */,
				14BC16D22D5DA4C500FF45A4 /* Storage */,
				14BC16D12D5DA4B800FF45A4 /* Network */,
			);
			path = Infra;
			sourceTree = "<group>";
		};
		14BC16682D5D3B5800FF45A4 /* Resources */ = {
			isa = PBXGroup;
			children = (
				14BC16D52D5DAC4900FF45A4 /* Utils */,
			);
			path = Resources;
			sourceTree = "<group>";
		};
		14BC16D22D5DA4C500FF45A4 /* Storage */ = {
			isa = PBXGroup;
			children = (
				14BC16702D5D3E1300FF45A4 /* LocalStorage.swift */,
			);
			path = Storage;
			sourceTree = "<group>";
		};
		14BC16D52D5DAC4900FF45A4 /* Utils */ = {
			isa = PBXGroup;
			children = (
				1452F11E2D5DB4C5002E97FD /* Extensions */,
				14BC16D62D5DAC5200FF45A4 /* DateUtils */,
			);
			path = Utils;
			sourceTree = "<group>";
		};
		14BC16D62D5DAC5200FF45A4 /* DateUtils */ = {
			isa = PBXGroup;
			children = (
				14BC16D72D5DAC5B00FF45A4 /* DateUtils.swift */,
			);
			path = DateUtils;
			sourceTree = "<group>";
		};
/* End PBXGroup section */

/* Begin PBXNativeTarget section */
		14BC16362D5D3B0200FF45A4 /* CosmoNow */ = {
			isa = PBXNativeTarget;
			buildConfigurationList = 14BC165B2D5D3B0400FF45A4 /* Build configuration list for PBXNativeTarget "CosmoNow" */;
			buildPhases = (
				14BC16332D5D3B0200FF45A4 /* Sources */,
				14BC16342D5D3B0200FF45A4 /* Frameworks */,
				14BC16352D5D3B0200FF45A4 /* Resources */,
			);
			buildRules = (
			);
			dependencies = (
			);
			fileSystemSynchronizedGroups = (
				1452F11C2D5DB425002E97FD /* Repositories */,
				14BC16392D5D3B0200FF45A4 /* CosmoNow */,
				14BC16D12D5DA4B800FF45A4 /* Network */,
			);
			name = CosmoNow;
			packageProductDependencies = (
			);
			productName = CosmoNow;
			productReference = 14BC16372D5D3B0200FF45A4 /* CosmoNow.app */;
			productType = "com.apple.product-type.application";
		};
		14BC16462D5D3B0400FF45A4 /* CosmoNowTests */ = {
			isa = PBXNativeTarget;
			buildConfigurationList = 14BC165E2D5D3B0400FF45A4 /* Build configuration list for PBXNativeTarget "CosmoNowTests" */;
			buildPhases = (
				14BC16432D5D3B0400FF45A4 /* Sources */,
				14BC16442D5D3B0400FF45A4 /* Frameworks */,
				14BC16452D5D3B0400FF45A4 /* Resources */,
			);
			buildRules = (
			);
			dependencies = (
				14BC16492D5D3B0400FF45A4 /* PBXTargetDependency */,
			);
			fileSystemSynchronizedGroups = (
				14BC164A2D5D3B0400FF45A4 /* CosmoNowTests */,
			);
			name = CosmoNowTests;
			packageProductDependencies = (
			);
			productName = CosmoNowTests;
			productReference = 14BC16472D5D3B0400FF45A4 /* CosmoNowTests.xctest */;
			productType = "com.apple.product-type.bundle.unit-test";
		};
		14BC16502D5D3B0400FF45A4 /* CosmoNowUITests */ = {
			isa = PBXNativeTarget;
			buildConfigurationList = 14BC16612D5D3B0400FF45A4 /* Build configuration list for PBXNativeTarget "CosmoNowUITests" */;
			buildPhases = (
				14BC164D2D5D3B0400FF45A4 /* Sources */,
				14BC164E2D5D3B0400FF45A4 /* Frameworks */,
				14BC164F2D5D3B0400FF45A4 /* Resources */,
			);
			buildRules = (
			);
			dependencies = (
				14BC16532D5D3B0400FF45A4 /* PBXTargetDependency */,
			);
			name = CosmoNowUITests;
			packageProductDependencies = (
			);
			productName = CosmoNowUITests;
			productReference = 14BC16512D5D3B0400FF45A4 /* CosmoNowUITests.xctest */;
			productType = "com.apple.product-type.bundle.ui-testing";
		};
/* End PBXNativeTarget section */

/* Begin PBXProject section */
		14BC162F2D5D3B0200FF45A4 /* Project object */ = {
			isa = PBXProject;
			attributes = {
				BuildIndependentTargetsInParallel = 1;
				LastSwiftUpdateCheck = 1620;
				LastUpgradeCheck = 1620;
				TargetAttributes = {
					14BC16362D5D3B0200FF45A4 = {
						CreatedOnToolsVersion = 16.2;
					};
					14BC16462D5D3B0400FF45A4 = {
						CreatedOnToolsVersion = 16.2;
						TestTargetID = 14BC16362D5D3B0200FF45A4;
					};
					14BC16502D5D3B0400FF45A4 = {
						CreatedOnToolsVersion = 16.2;
						TestTargetID = 14BC16362D5D3B0200FF45A4;
					};
				};
			};
			buildConfigurationList = 14BC16322D5D3B0200FF45A4 /* Build configuration list for PBXProject "CosmoNow" */;
			developmentRegion = en;
			hasScannedForEncodings = 0;
			knownRegions = (
				en,
				Base,
			);
			mainGroup = 14BC162E2D5D3B0200FF45A4;
			minimizedProjectReferenceProxies = 1;
			preferredProjectObjectVersion = 77;
			productRefGroup = 14BC16382D5D3B0200FF45A4 /* Products */;
			projectDirPath = "";
			projectRoot = "";
			targets = (
				14BC16362D5D3B0200FF45A4 /* CosmoNow */,
				14BC16462D5D3B0400FF45A4 /* CosmoNowTests */,
				14BC16502D5D3B0400FF45A4 /* CosmoNowUITests */,
			);
		};
/* End PBXProject section */

/* Begin PBXResourcesBuildPhase section */
		14BC16352D5D3B0200FF45A4 /* Resources */ = {
			isa = PBXResourcesBuildPhase;
			buildActionMask = 2147483647;
			files = (
			);
			runOnlyForDeploymentPostprocessing = 0;
		};
		14BC16452D5D3B0400FF45A4 /* Resources */ = {
			isa = PBXResourcesBuildPhase;
			buildActionMask = 2147483647;
			files = (
			);
			runOnlyForDeploymentPostprocessing = 0;
		};
		14BC164F2D5D3B0400FF45A4 /* Resources */ = {
			isa = PBXResourcesBuildPhase;
			buildActionMask = 2147483647;
			files = (
			);
			runOnlyForDeploymentPostprocessing = 0;
		};
/* End PBXResourcesBuildPhase section */

/* Begin PBXSourcesBuildPhase section */
		14BC16332D5D3B0200FF45A4 /* Sources */ = {
			isa = PBXSourcesBuildPhase;
			buildActionMask = 2147483647;
			files = (
				1452F1202D5DB4DE002E97FD /* URL+Extensions.swift in Sources */,
				14BC16992D5D5D2600FF45A4 /* CosmoModel.swift in Sources */,
				1452F1232D5E351F002E97FD /* MediaManager.swift in Sources */,
				14BC169D2D5D637B00FF45A4 /* CosmoServiceProtocol.swift in Sources */,
				14BC16942D5D5D0100FF45A4 /* LocalStorage.swift in Sources */,
				14BC16A22D5D902200FF45A4 /* GetCosmoUseCaseProtocol.swift in Sources */,
				14BC169B2D5D5D3200FF45A4 /* CosmoViewModel.swift in Sources */,
				14BC16932D5D5CF800FF45A4 /* CosmoService.swift in Sources */,
				14BC16972D5D5D1900FF45A4 /* GetCosmoUseCase.swift in Sources */,
				1452F12D2D5E6294002E97FD /* YouTubeWebView.swift in Sources */,
				1452F1272D5E3FF6002E97FD /* MediaView.swift in Sources */,
				14BC16D82D5DACCD00FF45A4 /* DateUtils.swift in Sources */,
				14BC169A2D5D5D2C00FF45A4 /* CosmoView.swift in Sources */,
				1452F1252D5E3770002E97FD /* CosmoUseCaseModel.swift in Sources */,
				14BC16982D5D5D1F00FF45A4 /* CosmoRespositoryProtocol.swift in Sources */,
			);
			runOnlyForDeploymentPostprocessing = 0;
		};
		14BC16432D5D3B0400FF45A4 /* Sources */ = {
			isa = PBXSourcesBuildPhase;
			buildActionMask = 2147483647;
			files = (
			);
			runOnlyForDeploymentPostprocessing = 0;
		};
		14BC164D2D5D3B0400FF45A4 /* Sources */ = {
			isa = PBXSourcesBuildPhase;
			buildActionMask = 2147483647;
			files = (
			);
			runOnlyForDeploymentPostprocessing = 0;
		};
/* End PBXSourcesBuildPhase section */

/* Begin PBXTargetDependency section */
		14BC16492D5D3B0400FF45A4 /* PBXTargetDependency */ = {
			isa = PBXTargetDependency;
			target = 14BC16362D5D3B0200FF45A4 /* CosmoNow */;
			targetProxy = 14BC16482D5D3B0400FF45A4 /* PBXContainerItemProxy */;
		};
		14BC16532D5D3B0400FF45A4 /* PBXTargetDependency */ = {
			isa = PBXTargetDependency;
			target = 14BC16362D5D3B0200FF45A4 /* CosmoNow */;
			targetProxy = 14BC16522D5D3B0400FF45A4 /* PBXContainerItemProxy */;
		};
/* End PBXTargetDependency section */

/* Begin XCBuildConfiguration section */
		14BC16592D5D3B0400FF45A4 /* Debug */ = {
			isa = XCBuildConfiguration;
			buildSettings = {
				ALWAYS_SEARCH_USER_PATHS = NO;
				ASSETCATALOG_COMPILER_GENERATE_SWIFT_ASSET_SYMBOL_EXTENSIONS = YES;
				CLANG_ANALYZER_NONNULL = YES;
				CLANG_ANALYZER_NUMBER_OBJECT_CONVERSION = YES_AGGRESSIVE;
				CLANG_CXX_LANGUAGE_STANDARD = "gnu++20";
				CLANG_ENABLE_MODULES = YES;
				CLANG_ENABLE_OBJC_ARC = YES;
				CLANG_ENABLE_OBJC_WEAK = YES;
				CLANG_WARN_BLOCK_CAPTURE_AUTORELEASING = YES;
				CLANG_WARN_BOOL_CONVERSION = YES;
				CLANG_WARN_COMMA = YES;
				CLANG_WARN_CONSTANT_CONVERSION = YES;
				CLANG_WARN_DEPRECATED_OBJC_IMPLEMENTATIONS = YES;
				CLANG_WARN_DIRECT_OBJC_ISA_USAGE = YES_ERROR;
				CLANG_WARN_DOCUMENTATION_COMMENTS = YES;
				CLANG_WARN_EMPTY_BODY = YES;
				CLANG_WARN_ENUM_CONVERSION = YES;
				CLANG_WARN_INFINITE_RECURSION = YES;
				CLANG_WARN_INT_CONVERSION = YES;
				CLANG_WARN_NON_LITERAL_NULL_CONVERSION = YES;
				CLANG_WARN_OBJC_IMPLICIT_RETAIN_SELF = YES;
				CLANG_WARN_OBJC_LITERAL_CONVERSION = YES;
				CLANG_WARN_OBJC_ROOT_CLASS = YES_ERROR;
				CLANG_WARN_QUOTED_INCLUDE_IN_FRAMEWORK_HEADER = YES;
				CLANG_WARN_RANGE_LOOP_ANALYSIS = YES;
				CLANG_WARN_STRICT_PROTOTYPES = YES;
				CLANG_WARN_SUSPICIOUS_MOVE = YES;
				CLANG_WARN_UNGUARDED_AVAILABILITY = YES_AGGRESSIVE;
				CLANG_WARN_UNREACHABLE_CODE = YES;
				CLANG_WARN__DUPLICATE_METHOD_MATCH = YES;
				COPY_PHASE_STRIP = NO;
				DEBUG_INFORMATION_FORMAT = dwarf;
				ENABLE_STRICT_OBJC_MSGSEND = YES;
				ENABLE_TESTABILITY = YES;
				ENABLE_USER_SCRIPT_SANDBOXING = YES;
				GCC_C_LANGUAGE_STANDARD = gnu17;
				GCC_DYNAMIC_NO_PIC = NO;
				GCC_NO_COMMON_BLOCKS = YES;
				GCC_OPTIMIZATION_LEVEL = 0;
				GCC_PREPROCESSOR_DEFINITIONS = (
					"DEBUG=1",
					"$(inherited)",
				);
				GCC_WARN_64_TO_32_BIT_CONVERSION = YES;
				GCC_WARN_ABOUT_RETURN_TYPE = YES_ERROR;
				GCC_WARN_UNDECLARED_SELECTOR = YES;
				GCC_WARN_UNINITIALIZED_AUTOS = YES_AGGRESSIVE;
				GCC_WARN_UNUSED_FUNCTION = YES;
				GCC_WARN_UNUSED_VARIABLE = YES;
				IPHONEOS_DEPLOYMENT_TARGET = 18.2;
				LOCALIZATION_PREFERS_STRING_CATALOGS = YES;
				MTL_ENABLE_DEBUG_INFO = INCLUDE_SOURCE;
				MTL_FAST_MATH = YES;
				ONLY_ACTIVE_ARCH = YES;
				SDKROOT = iphoneos;
				SWIFT_ACTIVE_COMPILATION_CONDITIONS = "DEBUG $(inherited)";
				SWIFT_OPTIMIZATION_LEVEL = "-Onone";
			};
			name = Debug;
		};
		14BC165A2D5D3B0400FF45A4 /* Release */ = {
			isa = XCBuildConfiguration;
			buildSettings = {
				ALWAYS_SEARCH_USER_PATHS = NO;
				ASSETCATALOG_COMPILER_GENERATE_SWIFT_ASSET_SYMBOL_EXTENSIONS = YES;
				CLANG_ANALYZER_NONNULL = YES;
				CLANG_ANALYZER_NUMBER_OBJECT_CONVERSION = YES_AGGRESSIVE;
				CLANG_CXX_LANGUAGE_STANDARD = "gnu++20";
				CLANG_ENABLE_MODULES = YES;
				CLANG_ENABLE_OBJC_ARC = YES;
				CLANG_ENABLE_OBJC_WEAK = YES;
				CLANG_WARN_BLOCK_CAPTURE_AUTORELEASING = YES;
				CLANG_WARN_BOOL_CONVERSION = YES;
				CLANG_WARN_COMMA = YES;
				CLANG_WARN_CONSTANT_CONVERSION = YES;
				CLANG_WARN_DEPRECATED_OBJC_IMPLEMENTATIONS = YES;
				CLANG_WARN_DIRECT_OBJC_ISA_USAGE = YES_ERROR;
				CLANG_WARN_DOCUMENTATION_COMMENTS = YES;
				CLANG_WARN_EMPTY_BODY = YES;
				CLANG_WARN_ENUM_CONVERSION = YES;
				CLANG_WARN_INFINITE_RECURSION = YES;
				CLANG_WARN_INT_CONVERSION = YES;
				CLANG_WARN_NON_LITERAL_NULL_CONVERSION = YES;
				CLANG_WARN_OBJC_IMPLICIT_RETAIN_SELF = YES;
				CLANG_WARN_OBJC_LITERAL_CONVERSION = YES;
				CLANG_WARN_OBJC_ROOT_CLASS = YES_ERROR;
				CLANG_WARN_QUOTED_INCLUDE_IN_FRAMEWORK_HEADER = YES;
				CLANG_WARN_RANGE_LOOP_ANALYSIS = YES;
				CLANG_WARN_STRICT_PROTOTYPES = YES;
				CLANG_WARN_SUSPICIOUS_MOVE = YES;
				CLANG_WARN_UNGUARDED_AVAILABILITY = YES_AGGRESSIVE;
				CLANG_WARN_UNREACHABLE_CODE = YES;
				CLANG_WARN__DUPLICATE_METHOD_MATCH = YES;
				COPY_PHASE_STRIP = NO;
				DEBUG_INFORMATION_FORMAT = "dwarf-with-dsym";
				ENABLE_NS_ASSERTIONS = NO;
				ENABLE_STRICT_OBJC_MSGSEND = YES;
				ENABLE_USER_SCRIPT_SANDBOXING = YES;
				GCC_C_LANGUAGE_STANDARD = gnu17;
				GCC_NO_COMMON_BLOCKS = YES;
				GCC_WARN_64_TO_32_BIT_CONVERSION = YES;
				GCC_WARN_ABOUT_RETURN_TYPE = YES_ERROR;
				GCC_WARN_UNDECLARED_SELECTOR = YES;
				GCC_WARN_UNINITIALIZED_AUTOS = YES_AGGRESSIVE;
				GCC_WARN_UNUSED_FUNCTION = YES;
				GCC_WARN_UNUSED_VARIABLE = YES;
				IPHONEOS_DEPLOYMENT_TARGET = 18.2;
				LOCALIZATION_PREFERS_STRING_CATALOGS = YES;
				MTL_ENABLE_DEBUG_INFO = NO;
				MTL_FAST_MATH = YES;
				SDKROOT = iphoneos;
				SWIFT_COMPILATION_MODE = wholemodule;
				VALIDATE_PRODUCT = YES;
			};
			name = Release;
		};
		14BC165C2D5D3B0400FF45A4 /* Debug */ = {
			isa = XCBuildConfiguration;
			buildSettings = {
				ASSETCATALOG_COMPILER_APPICON_NAME = AppIcon;
				ASSETCATALOG_COMPILER_GLOBAL_ACCENT_COLOR_NAME = AccentColor;
				CODE_SIGN_STYLE = Automatic;
				CURRENT_PROJECT_VERSION = 1;
				DEVELOPMENT_ASSET_PATHS = "\"CosmoNow/Preview Content\"";
				DEVELOPMENT_TEAM = WDD8N4CRD3;
				ENABLE_PREVIEWS = YES;
				GENERATE_INFOPLIST_FILE = YES;
				INFOPLIST_KEY_UIApplicationSceneManifest_Generation = YES;
				INFOPLIST_KEY_UIApplicationSupportsIndirectInputEvents = YES;
				INFOPLIST_KEY_UILaunchScreen_Generation = YES;
				INFOPLIST_KEY_UISupportedInterfaceOrientations_iPad = "UIInterfaceOrientationPortrait UIInterfaceOrientationPortraitUpsideDown UIInterfaceOrientationLandscapeLeft UIInterfaceOrientationLandscapeRight";
				INFOPLIST_KEY_UISupportedInterfaceOrientations_iPhone = "UIInterfaceOrientationPortrait UIInterfaceOrientationLandscapeLeft UIInterfaceOrientationLandscapeRight";
				LD_RUNPATH_SEARCH_PATHS = (
					"$(inherited)",
					"@executable_path/Frameworks",
				);
				MARKETING_VERSION = 1.0;
				PRODUCT_BUNDLE_IDENTIFIER = com.ianfagundes.CosmoNow;
				PRODUCT_NAME = "$(TARGET_NAME)";
				SWIFT_EMIT_LOC_STRINGS = YES;
				SWIFT_VERSION = 5.0;
				TARGETED_DEVICE_FAMILY = "1,2";
			};
			name = Debug;
		};
		14BC165D2D5D3B0400FF45A4 /* Release */ = {
			isa = XCBuildConfiguration;
			buildSettings = {
				ASSETCATALOG_COMPILER_APPICON_NAME = AppIcon;
				ASSETCATALOG_COMPILER_GLOBAL_ACCENT_COLOR_NAME = AccentColor;
				CODE_SIGN_STYLE = Automatic;
				CURRENT_PROJECT_VERSION = 1;
				DEVELOPMENT_ASSET_PATHS = "\"CosmoNow/Preview Content\"";
				DEVELOPMENT_TEAM = WDD8N4CRD3;
				ENABLE_PREVIEWS = YES;
				GENERATE_INFOPLIST_FILE = YES;
				INFOPLIST_KEY_UIApplicationSceneManifest_Generation = YES;
				INFOPLIST_KEY_UIApplicationSupportsIndirectInputEvents = YES;
				INFOPLIST_KEY_UILaunchScreen_Generation = YES;
				INFOPLIST_KEY_UISupportedInterfaceOrientations_iPad = "UIInterfaceOrientationPortrait UIInterfaceOrientationPortraitUpsideDown UIInterfaceOrientationLandscapeLeft UIInterfaceOrientationLandscapeRight";
				INFOPLIST_KEY_UISupportedInterfaceOrientations_iPhone = "UIInterfaceOrientationPortrait UIInterfaceOrientationLandscapeLeft UIInterfaceOrientationLandscapeRight";
				LD_RUNPATH_SEARCH_PATHS = (
					"$(inherited)",
					"@executable_path/Frameworks",
				);
				MARKETING_VERSION = 1.0;
				PRODUCT_BUNDLE_IDENTIFIER = com.ianfagundes.CosmoNow;
				PRODUCT_NAME = "$(TARGET_NAME)";
				SWIFT_EMIT_LOC_STRINGS = YES;
				SWIFT_VERSION = 5.0;
				TARGETED_DEVICE_FAMILY = "1,2";
			};
			name = Release;
		};
		14BC165F2D5D3B0400FF45A4 /* Debug */ = {
			isa = XCBuildConfiguration;
			buildSettings = {
				BUNDLE_LOADER = "$(TEST_HOST)";
				CODE_SIGN_STYLE = Automatic;
				CURRENT_PROJECT_VERSION = 1;
				DEVELOPMENT_TEAM = WDD8N4CRD3;
				GENERATE_INFOPLIST_FILE = YES;
				IPHONEOS_DEPLOYMENT_TARGET = 18.2;
				MARKETING_VERSION = 1.0;
				PRODUCT_BUNDLE_IDENTIFIER = com.ianfagundes.CosmoNowTests;
				PRODUCT_NAME = "$(TARGET_NAME)";
				SWIFT_EMIT_LOC_STRINGS = NO;
				SWIFT_VERSION = 5.0;
				TARGETED_DEVICE_FAMILY = "1,2";
				TEST_HOST = "$(BUILT_PRODUCTS_DIR)/CosmoNow.app/$(BUNDLE_EXECUTABLE_FOLDER_PATH)/CosmoNow";
			};
			name = Debug;
		};
		14BC16602D5D3B0400FF45A4 /* Release */ = {
			isa = XCBuildConfiguration;
			buildSettings = {
				BUNDLE_LOADER = "$(TEST_HOST)";
				CODE_SIGN_STYLE = Automatic;
				CURRENT_PROJECT_VERSION = 1;
				DEVELOPMENT_TEAM = WDD8N4CRD3;
				GENERATE_INFOPLIST_FILE = YES;
				IPHONEOS_DEPLOYMENT_TARGET = 18.2;
				MARKETING_VERSION = 1.0;
				PRODUCT_BUNDLE_IDENTIFIER = com.ianfagundes.CosmoNowTests;
				PRODUCT_NAME = "$(TARGET_NAME)";
				SWIFT_EMIT_LOC_STRINGS = NO;
				SWIFT_VERSION = 5.0;
				TARGETED_DEVICE_FAMILY = "1,2";
				TEST_HOST = "$(BUILT_PRODUCTS_DIR)/CosmoNow.app/$(BUNDLE_EXECUTABLE_FOLDER_PATH)/CosmoNow";
			};
			name = Release;
		};
		14BC16622D5D3B0400FF45A4 /* Debug */ = {
			isa = XCBuildConfiguration;
			buildSettings = {
				CODE_SIGN_STYLE = Automatic;
				CURRENT_PROJECT_VERSION = 1;
				DEVELOPMENT_TEAM = WDD8N4CRD3;
				GENERATE_INFOPLIST_FILE = YES;
				MARKETING_VERSION = 1.0;
				PRODUCT_BUNDLE_IDENTIFIER = com.ianfagundes.CosmoNowUITests;
				PRODUCT_NAME = "$(TARGET_NAME)";
				SWIFT_EMIT_LOC_STRINGS = NO;
				SWIFT_VERSION = 5.0;
				TARGETED_DEVICE_FAMILY = "1,2";
				TEST_TARGET_NAME = CosmoNow;
			};
			name = Debug;
		};
		14BC16632D5D3B0400FF45A4 /* Release */ = {
			isa = XCBuildConfiguration;
			buildSettings = {
				CODE_SIGN_STYLE = Automatic;
				CURRENT_PROJECT_VERSION = 1;
				DEVELOPMENT_TEAM = WDD8N4CRD3;
				GENERATE_INFOPLIST_FILE = YES;
				MARKETING_VERSION = 1.0;
				PRODUCT_BUNDLE_IDENTIFIER = com.ianfagundes.CosmoNowUITests;
				PRODUCT_NAME = "$(TARGET_NAME)";
				SWIFT_EMIT_LOC_STRINGS = NO;
				SWIFT_VERSION = 5.0;
				TARGETED_DEVICE_FAMILY = "1,2";
				TEST_TARGET_NAME = CosmoNow;
			};
			name = Release;
		};
/* End XCBuildConfiguration section */

/* Begin XCConfigurationList section */
		14BC16322D5D3B0200FF45A4 /* Build configuration list for PBXProject "CosmoNow" */ = {
			isa = XCConfigurationList;
			buildConfigurations = (
				14BC16592D5D3B0400FF45A4 /* Debug */,
				14BC165A2D5D3B0400FF45A4 /* Release */,
			);
			defaultConfigurationIsVisible = 0;
			defaultConfigurationName = Release;
		};
		14BC165B2D5D3B0400FF45A4 /* Build configuration list for PBXNativeTarget "CosmoNow" */ = {
			isa = XCConfigurationList;
			buildConfigurations = (
				14BC165C2D5D3B0400FF45A4 /* Debug */,
				14BC165D2D5D3B0400FF45A4 /* Release */,
			);
			defaultConfigurationIsVisible = 0;
			defaultConfigurationName = Release;
		};
		14BC165E2D5D3B0400FF45A4 /* Build configuration list for PBXNativeTarget "CosmoNowTests" */ = {
			isa = XCConfigurationList;
			buildConfigurations = (
				14BC165F2D5D3B0400FF45A4 /* Debug */,
				14BC16602D5D3B0400FF45A4 /* Release */,
			);
			defaultConfigurationIsVisible = 0;
			defaultConfigurationName = Release;
		};
		14BC16612D5D3B0400FF45A4 /* Build configuration list for PBXNativeTarget "CosmoNowUITests" */ = {
			isa = XCConfigurationList;
			buildConfigurations = (
				14BC16622D5D3B0400FF45A4 /* Debug */,
				14BC16632D5D3B0400FF45A4 /* Release */,
			);
			defaultConfigurationIsVisible = 0;
			defaultConfigurationName = Release;
		};
/* End XCConfigurationList section */
	};
	rootObject = 14BC162F2D5D3B0200FF45A4 /* Project object */;
}
